
Microsoft Visual Studio Solution File, Format Version 12.00
# Visual Studio Version 16
VisualStudioVersion = 16.0.30503.244
MinimumVisualStudioVersion = 10.0.40219.1
Project("{FAE04EC0-301F-11D3-BF4B-00C04F79EFBC}") = "Searcher", "Searcher\Searcher.csproj", "{98E46086-0792-40BF-9989-179BA59C0E12}"
EndProject
Project("{9A19103F-16F7-4668-BE54-9A1E7A4F7556}") = "Morfer", "Morfer\Morfer.csproj", "{5CCF933B-A3C4-4EB8-8F01-944869C23EED}"
EndProject
Project("{9A19103F-16F7-4668-BE54-9A1E7A4F7556}") = "LuceneSlo", "LuceneSlo\LuceneSlo.csproj", "{35EEF57D-51A8-4653-B9B1-AC978237FF94}"
EndProject
Project("{FAE04EC0-301F-11D3-BF4B-00C04F79EFBC}") = "JasonConverter", "JasonConverter\JasonConverter.csproj", "{043E673F-1AC5-4544-B57C-52E46714AE90}"
EndProject
Global
	GlobalSection(SolutionConfigurationPlatforms) = preSolution
		Debug|Any CPU = Debug|Any CPU
		Release|Any CPU = Release|Any CPU
	EndGlobalSection
	GlobalSection(ProjectConfigurationPlatforms) = postSolution
		{98E46086-0792-40BF-9989-179BA59C0E12}.Debug|Any CPU.ActiveCfg = Debug|Any CPU
		{98E46086-0792-40BF-9989-179BA59C0E12}.Debug|Any CPU.Build.0 = Debug|Any CPU
		{98E46086-0792-40BF-9989-179BA59C0E12}.Release|Any CPU.ActiveCfg = Release|Any CPU
		{98E46086-0792-40BF-9989-179BA59C0E12}.Release|Any CPU.Build.0 = Release|Any CPU
		{5CCF933B-A3C4-4EB8-8F01-944869C23EED}.Debug|Any CPU.ActiveCfg = Debug|Any CPU
		{5CCF933B-A3C4-4EB8-8F01-944869C23EED}.Debug|Any CPU.Build.0 = Debug|Any CPU
		{5CCF933B-A3C4-4EB8-8F01-944869C23EED}.Release|Any CPU.ActiveCfg = Release|Any CPU
		{5CCF933B-A3C4-4EB8-8F01-944869C23EED}.Release|Any CPU.Build.0 = Release|Any CPU
		{35EEF57D-51A8-4653-B9B1-AC978237FF94}.Debug|Any CPU.ActiveCfg = Debug|Any CPU
		{35EEF57D-51A8-4653-B9B1-AC978237FF94}.Debug|Any CPU.Build.0 = Debug|Any CPU
		{35EEF57D-51A8-4653-B9B1-AC978237FF94}.Release|Any CPU.ActiveCfg = Release|Any CPU
		{35EEF57D-51A8-4653-B9B1-AC978237FF94}.Release|Any CPU.Build.0 = Release|Any CPU
		{043E673F-1AC5-4544-B57C-52E46714AE90}.Debug|Any CPU.ActiveCfg = Debug|Any CPU
		{043E673F-1AC5-4544-B57C-52E46714AE90}.Debug|Any CPU.Build.0 = Debug|Any CPU
		{043E673F-1AC5-4544-B57C-52E46714AE90}.Release|Any CPU.ActiveCfg = Release|Any CPU
		{043E673F-1AC5-4544-B57C-52E46714AE90}.Release|Any CPU.Build.0 = Release|Any CPU
	EndGlobalSection
	GlobalSection(SolutionProperties) = preSolution
		HideSolutionNode = FALSE
	EndGlobalSection
	GlobalSection(ExtensibilityGlobals) = postSolution
		SolutionGuid = {E5CB6C57-59EF-4B65-8948-CE04203403E4}
	EndGlobalSection
EndGlobal
